
Microsoft Visual Studio Solution File, Format Version 12.00
# Visual Studio Version 17
VisualStudioVersion = 17.1.32210.238
MinimumVisualStudioVersion = 10.0.40219.1
Project("{FAE04EC0-301F-11D3-BF4B-00C04F79EFBC}") = "FangYangWindowsFormsApp", "FangYangWindowsFormsApp\FangYangWindowsFormsApp.csproj", "{B8576D5B-BD6D-4EDD-AC72-164AAFDB091F}"
EndProject
Global
	GlobalSection(SolutionConfigurationPlatforms) = preSolution
		Debug|Any CPU = Debug|Any CPU
		Release|Any CPU = Release|Any CPU
	EndGlobalSection
	GlobalSection(ProjectConfigurationPlatforms) = postSolution
		{B8576D5B-BD6D-4EDD-AC72-164AAFDB091F}.Debug|Any CPU.ActiveCfg = Debug|Any CPU
		{B8576D5B-BD6D-4EDD-AC72-164AAFDB091F}.Debug|Any CPU.Build.0 = Debug|Any CPU
		{B8576D5B-BD6D-4EDD-AC72-164AAFDB091F}.Release|Any CPU.ActiveCfg = Release|Any CPU
		{B8576D5B-BD6D-4EDD-AC72-164AAFDB091F}.Release|Any CPU.Build.0 = Release|Any CPU
	EndGlobalSection
	GlobalSection(SolutionProperties) = preSolution
		HideSolutionNode = FALSE
	EndGlobalSection
	GlobalSection(ExtensibilityGlobals) = postSolution
		SolutionGuid = {49961B3C-B0DF-4616-AC12-40FDBB6573E1}
	EndGlobalSection
EndGlobal
